
Microsoft Visual Studio Solution File, Format Version 12.00
# Visual Studio Version 17
VisualStudioVersion = 17.14.36717.8 d17.14
MinimumVisualStudioVersion = 10.0.40219.1
Project("{FAE04EC0-301F-11D3-BF4B-00C04F79EFBC}") = "ConsoleApp1", "ConsoleApp1.csproj", "{26D8C645-9394-418F-A604-ECBECD8F835F}"
EndProject
Global
	GlobalSection(SolutionConfigurationPlatforms) = preSolution
		Debug|Any CPU = Debug|Any CPU
		Release|Any CPU = Release|Any CPU
	EndGlobalSection
	GlobalSection(ProjectConfigurationPlatforms) = postSolution
		{26D8C645-9394-418F-A604-ECBECD8F835F}.Debug|Any CPU.ActiveCfg = Debug|Any CPU
		{26D8C645-9394-418F-A604-ECBECD8F835F}.Debug|Any CPU.Build.0 = Debug|Any CPU
		{26D8C645-9394-418F-A604-ECBECD8F835F}.Release|Any CPU.ActiveCfg = Release|Any CPU
		{26D8C645-9394-418F-A604-ECBECD8F835F}.Release|Any CPU.Build.0 = Release|Any CPU
	EndGlobalSection
	GlobalSection(SolutionProperties) = preSolution
		HideSolutionNode = FALSE
	EndGlobalSection
	GlobalSection(ExtensibilityGlobals) = postSolution
		SolutionGuid = {AA835AE3-97C6-4234-BEBA-C77C89910B78}
	EndGlobalSection
EndGlobal
